[{<<"db">>,
  {git,"https://github.com/jiaoyinyi/erlang_db",
       {ref,"161c7fa7a33103460450bb94eec6949371145383"}},
  0},
 {<<"logs">>,
  {git,"https://github.com/jiaoyinyi/erlang_logs",
       {ref,"c58caa2f816f52b3b8c8fe8babba527b6796ff1f"}},
  0},
 {<<"mysql">>,
  {git,"https://github.com/mysql-otp/mysql-otp",
       {ref,"6840af959ecba1cfc9fbc098c4fa4fc8babc8018"}},
  1},
 {<<"poolboy">>,
  {git,"https://github.com/devinus/poolboy.git",
       {ref,"29be47db8c2be38b18c908e43a80ebb7b9b6116b"}},
  1}].
