[{<<"db">>,
  {git,"https://github.com/jiaoyinyi/erlang_db",
       {ref,"0fc4aa07075bfcea4d5b196a97cc19bc28d8d10b"}},
  0},
 {<<"logs">>,
  {git,"https://github.com/jiaoyinyi/erlang_logs",
       {ref,"9d752e822b4ef219088eef99bd6430ef5f7ca38f"}},
  0},
 {<<"mysql">>,
  {git,"https://github.com/mysql-otp/mysql-otp",
       {ref,"6840af959ecba1cfc9fbc098c4fa4fc8babc8018"}},
  1},
 {<<"poolboy">>,
  {git,"https://github.com/devinus/poolboy.git",
       {ref,"29be47db8c2be38b18c908e43a80ebb7b9b6116b"}},
  1}].
